// !$*UTF8*$!
{
	archiveVersion = 1;
	classes = {
	};
	objectVersion = 55;
	objects = {

/* Begin PBXFileReference section */
		672D3BE0273B68B400CBA7CA /* FunctionalSwift.playground */ = {isa = PBXFileReference; lastKnownFileType = file.playground; path = FunctionalSwift.playground; sourceTree = "<group>"; xcLanguageSpecificationIdentifier = xcode.lang.swift; };
		672D3BE1273B68E400CBA7CA /* AdvancedSwift.playground */ = {isa = PBXFileReference; lastKnownFileType = file.playground; path = AdvancedSwift.playground; sourceTree = "<group>"; xcLanguageSpecificationIdentifier = xcode.lang.swift; };
		672D3BE2273B692700CBA7CA /* TipersSwift.playground */ = {isa = PBXFileReference; lastKnownFileType = file.playground; path = TipersSwift.playground; sourceTree = "<group>"; xcLanguageSpecificationIdentifier = xcode.lang.swift; };
		672D3BE3273B69EE00CBA7CA /* CommonSwift.playground */ = {isa = PBXFileReference; lastKnownFileType = file.playground; path = CommonSwift.playground; sourceTree = "<group>"; xcLanguageSpecificationIdentifier = xcode.lang.swift; };
		672D3BE4273B6A0000CBA7CA /* DraftSwift.playground */ = {isa = PBXFileReference; lastKnownFileType = file.playground; path = DraftSwift.playground; sourceTree = "<group>"; xcLanguageSpecificationIdentifier = xcode.lang.swift; };
/* End PBXFileReference section */

/* Begin PBXGroup section */
		672D3BD9273B686C00CBA7CA = {
			isa = PBXGroup;
			children = (
				672D3BE3273B69EE00CBA7CA /* CommonSwift.playground */,
				672D3BE0273B68B400CBA7CA /* FunctionalSwift.playground */,
				672D3BE1273B68E400CBA7CA /* AdvancedSwift.playground */,
				672D3BE2273B692700CBA7CA /* TipersSwift.playground */,
				672D3BE4273B6A0000CBA7CA /* DraftSwift.playground */,
			);
			sourceTree = "<group>";
		};
/* End PBXGroup section */

/* Begin PBXProject section */
		672D3BDA273B686C00CBA7CA /* Project object */ = {
			isa = PBXProject;
			attributes = {
				BuildIndependentTargetsInParallel = 1;
				LastUpgradeCheck = 1310;
			};
			buildConfigurationList = 672D3BDD273B686C00CBA7CA /* Build configuration list for PBXProject "SwiftCookbook" */;
			compatibilityVersion = "Xcode 13.0";
			developmentRegion = en;
			hasScannedForEncodings = 0;
			knownRegions = (
				en,
				Base,
			);
			mainGroup = 672D3BD9273B686C00CBA7CA;
			projectDirPath = "";
			projectRoot = "";
			targets = (
			);
		};
/* End PBXProject section */

/* Begin XCBuildConfiguration section */
		672D3BDE273B686C00CBA7CA /* Debug */ = {
			isa = XCBuildConfiguration;
			buildSettings = {
			};
			name = Debug;
		};
		672D3BDF273B686C00CBA7CA /* Release */ = {
			isa = XCBuildConfiguration;
			buildSettings = {
			};
			name = Release;
		};
/* End XCBuildConfiguration section */

/* Begin XCConfigurationList section */
		672D3BDD273B686C00CBA7CA /* Build configuration list for PBXProject "SwiftCookbook" */ = {
			isa = XCConfigurationList;
			buildConfigurations = (
				672D3BDE273B686C00CBA7CA /* Debug */,
				672D3BDF273B686C00CBA7CA /* Release */,
			);
			defaultConfigurationIsVisible = 0;
			defaultConfigurationName = Release;
		};
/* End XCConfigurationList section */
	};
	rootObject = 672D3BDA273B686C00CBA7CA /* Project object */;
}
